
Microsoft Visual Studio Solution File, Format Version 12.00
# Visual Studio 14
VisualStudioVersion = 14.0.25420.1
MinimumVisualStudioVersion = 10.0.40219.1
Project("{FAE04EC0-301F-11D3-BF4B-00C04F79EFBC}") = "blqw.Logger", "blqw.Logger\blqw.Logger.csproj", "{C7A6BF91-6B2C-47DF-9CE5-649C8B8DFB01}"
EndProject
Project("{FAE04EC0-301F-11D3-BF4B-00C04F79EFBC}") = "Demo", "Demo\Demo.csproj", "{3F29F11D-C87C-49C7-85C3-E2E110EADA98}"
EndProject
Project("{2150E333-8FDC-42A3-9474-1A3956D46DE8}") = "files", "files", "{E376C82E-CFBA-477D-91D8-90CB63028261}"
	ProjectSection(SolutionItems) = preProject
		blqw.Logger\blqw.Logger.nuspec = blqw.Logger\blqw.Logger.nuspec
		LICENSE = LICENSE
		blqw.Logger\nuget-pack.bat = blqw.Logger\nuget-pack.bat
		README.md = README.md
	EndProjectSection
EndProject
Global
	GlobalSection(SolutionConfigurationPlatforms) = preSolution
		Debug|Any CPU = Debug|Any CPU
		Release|Any CPU = Release|Any CPU
	EndGlobalSection
	GlobalSection(ProjectConfigurationPlatforms) = postSolution
		{C7A6BF91-6B2C-47DF-9CE5-649C8B8DFB01}.Debug|Any CPU.ActiveCfg = Debug|Any CPU
		{C7A6BF91-6B2C-47DF-9CE5-649C8B8DFB01}.Debug|Any CPU.Build.0 = Debug|Any CPU
		{C7A6BF91-6B2C-47DF-9CE5-649C8B8DFB01}.Release|Any CPU.ActiveCfg = Release|Any CPU
		{C7A6BF91-6B2C-47DF-9CE5-649C8B8DFB01}.Release|Any CPU.Build.0 = Release|Any CPU
		{3F29F11D-C87C-49C7-85C3-E2E110EADA98}.Debug|Any CPU.ActiveCfg = Debug|Any CPU
		{3F29F11D-C87C-49C7-85C3-E2E110EADA98}.Debug|Any CPU.Build.0 = Debug|Any CPU
		{3F29F11D-C87C-49C7-85C3-E2E110EADA98}.Release|Any CPU.ActiveCfg = Release|Any CPU
		{3F29F11D-C87C-49C7-85C3-E2E110EADA98}.Release|Any CPU.Build.0 = Release|Any CPU
	EndGlobalSection
	GlobalSection(SolutionProperties) = preSolution
		HideSolutionNode = FALSE
	EndGlobalSection
EndGlobal
